
Microsoft Visual Studio Solution File, Format Version 12.00
# Visual Studio Version 17
VisualStudioVersion = 17.14.36109.1 d17.14
MinimumVisualStudioVersion = 10.0.40219.1
Project("{FAE04EC0-301F-11D3-BF4B-00C04F79EFBC}") = "OurFood.Api", "OurFood.Api\OurFood.Api.csproj", "{75D5B2D5-E447-4C19-8423-34F682F4E676}"
EndProject
Project("{FAE04EC0-301F-11D3-BF4B-00C04F79EFBC}") = "OurFood.Communication", "OurFood.Communication\OurFood.Communication.csproj", "{CF6385B4-3202-45F6-AD60-BA8AEB07869E}"
EndProject
Project("{2150E333-8FDC-42A3-9474-1A3956D46DE8}") = "wwwroot", "wwwroot", "{02EA681E-C7D8-13C7-8484-4AC65E1B71E8}"
EndProject
Project("{2150E333-8FDC-42A3-9474-1A3956D46DE8}") = "imagens", "imagens", "{32392B4D-25CC-4FE7-8E80-C75F82F5E075}"
EndProject
Project("{2150E333-8FDC-42A3-9474-1A3956D46DE8}") = "categorias", "categorias", "{2D3BDC0C-547A-4C4B-9340-F7A6AB6CEC43}"
EndProject
Global
	GlobalSection(SolutionConfigurationPlatforms) = preSolution
		Debug|Any CPU = Debug|Any CPU
		Release|Any CPU = Release|Any CPU
	EndGlobalSection
	GlobalSection(ProjectConfigurationPlatforms) = postSolution
		{75D5B2D5-E447-4C19-8423-34F682F4E676}.Debug|Any CPU.ActiveCfg = Debug|Any CPU
		{75D5B2D5-E447-4C19-8423-34F682F4E676}.Debug|Any CPU.Build.0 = Debug|Any CPU
		{75D5B2D5-E447-4C19-8423-34F682F4E676}.Release|Any CPU.ActiveCfg = Release|Any CPU
		{75D5B2D5-E447-4C19-8423-34F682F4E676}.Release|Any CPU.Build.0 = Release|Any CPU
		{CF6385B4-3202-45F6-AD60-BA8AEB07869E}.Debug|Any CPU.ActiveCfg = Debug|Any CPU
		{CF6385B4-3202-45F6-AD60-BA8AEB07869E}.Debug|Any CPU.Build.0 = Debug|Any CPU
		{CF6385B4-3202-45F6-AD60-BA8AEB07869E}.Release|Any CPU.ActiveCfg = Release|Any CPU
		{CF6385B4-3202-45F6-AD60-BA8AEB07869E}.Release|Any CPU.Build.0 = Release|Any CPU
	EndGlobalSection
	GlobalSection(SolutionProperties) = preSolution
		HideSolutionNode = FALSE
	EndGlobalSection
	GlobalSection(NestedProjects) = preSolution
		{32392B4D-25CC-4FE7-8E80-C75F82F5E075} = {02EA681E-C7D8-13C7-8484-4AC65E1B71E8}
		{2D3BDC0C-547A-4C4B-9340-F7A6AB6CEC43} = {32392B4D-25CC-4FE7-8E80-C75F82F5E075}
	EndGlobalSection
	GlobalSection(ExtensibilityGlobals) = postSolution
		SolutionGuid = {C837123A-521F-44CD-B34F-67A46074BB3E}
	EndGlobalSection
EndGlobal
